
Microsoft Visual Studio Solution File, Format Version 12.00
# Visual Studio Version 16
VisualStudioVersion = 16.0.33927.289
MinimumVisualStudioVersion = 10.0.40219.1
Project("{FAE04EC0-301F-11D3-BF4B-00C04F79EFBC}") = "100_legmagasabb_console", "100_legmagasabb_console\100_legmagasabb_console.csproj", "{5AE7C157-6C37-4963-9971-11CB0BDFE367}"
EndProject
Project("{FAE04EC0-301F-11D3-BF4B-00C04F79EFBC}") = "100_legmagasabb_GUI", "100_legmagasabb_GUI\100_legmagasabb_GUI.csproj", "{C71CA50D-144E-4714-A615-A212352632C8}"
EndProject
Global
	GlobalSection(SolutionConfigurationPlatforms) = preSolution
		Debug|Any CPU = Debug|Any CPU
		Release|Any CPU = Release|Any CPU
	EndGlobalSection
	GlobalSection(ProjectConfigurationPlatforms) = postSolution
		{5AE7C157-6C37-4963-9971-11CB0BDFE367}.Debug|Any CPU.ActiveCfg = Debug|Any CPU
		{5AE7C157-6C37-4963-9971-11CB0BDFE367}.Debug|Any CPU.Build.0 = Debug|Any CPU
		{5AE7C157-6C37-4963-9971-11CB0BDFE367}.Release|Any CPU.ActiveCfg = Release|Any CPU
		{5AE7C157-6C37-4963-9971-11CB0BDFE367}.Release|Any CPU.Build.0 = Release|Any CPU
		{C71CA50D-144E-4714-A615-A212352632C8}.Debug|Any CPU.ActiveCfg = Debug|Any CPU
		{C71CA50D-144E-4714-A615-A212352632C8}.Debug|Any CPU.Build.0 = Debug|Any CPU
		{C71CA50D-144E-4714-A615-A212352632C8}.Release|Any CPU.ActiveCfg = Release|Any CPU
		{C71CA50D-144E-4714-A615-A212352632C8}.Release|Any CPU.Build.0 = Release|Any CPU
	EndGlobalSection
	GlobalSection(SolutionProperties) = preSolution
		HideSolutionNode = FALSE
	EndGlobalSection
	GlobalSection(ExtensibilityGlobals) = postSolution
		SolutionGuid = {B91E0772-3929-4D00-8713-83BEC60132D4}
	EndGlobalSection
EndGlobal
